# This file is autogenerated, do not edit; changes may be undone by the next 'dep ensure'.


[[projects]]
  branch = "master"
  name = "github.com/graph-gophers/graphql-go"
  packages = [".","errors","internal/common","internal/exec","internal/exec/packer","internal/exec/resolvable","internal/exec/selected","internal/query","internal/schema","internal/validation","introspection","log","trace"]
  revision = "bb9738501bd42a6536227b96068349b814379d6e"

[[projects]]
  name = "github.com/opentracing/opentracing-go"
  packages = [".","ext","log"]
  revision = "1949ddbfd147afd4d964a9f00b24eb291e0e7c38"
  version = "v1.0.2"

[[projects]]
  branch = "master"
  name = "golang.org/x/net"
  packages = ["context"]
  revision = "db08ff08e8622530d9ed3a0e8ac279f6d4c02196"

[solve-meta]
  analyzer-name = "dep"
  analyzer-version = 1
  inputs-digest = "d3ba762c553d252f48e060d69034f3414b99cc188e36b266491b27d394e6935b"
  solver-name = "gps-cdcl"
  solver-version = 1
